
Microsoft Visual Studio Solution File, Format Version 12.00
# Visual Studio Version 17
VisualStudioVersion = 17.10.35004.147
MinimumVisualStudioVersion = 10.0.40219.1
Project("{F184B08F-C81C-45F6-A57F-5ABD9991F28F}") = "WinFormsApp1", "WinFormsApp1.vbproj", "{D146CDF4-8329-498D-91EE-5F7A1DA1E0D8}"
EndProject
Global
	GlobalSection(SolutionConfigurationPlatforms) = preSolution
		Debug|Any CPU = Debug|Any CPU
		Release|Any CPU = Release|Any CPU
	EndGlobalSection
	GlobalSection(ProjectConfigurationPlatforms) = postSolution
		{D146CDF4-8329-498D-91EE-5F7A1DA1E0D8}.Debug|Any CPU.ActiveCfg = Debug|Any CPU
		{D146CDF4-8329-498D-91EE-5F7A1DA1E0D8}.Debug|Any CPU.Build.0 = Debug|Any CPU
		{D146CDF4-8329-498D-91EE-5F7A1DA1E0D8}.Release|Any CPU.ActiveCfg = Release|Any CPU
		{D146CDF4-8329-498D-91EE-5F7A1DA1E0D8}.Release|Any CPU.Build.0 = Release|Any CPU
	EndGlobalSection
	GlobalSection(SolutionProperties) = preSolution
		HideSolutionNode = FALSE
	EndGlobalSection
	GlobalSection(ExtensibilityGlobals) = postSolution
		SolutionGuid = {B15F972F-C924-4E0C-A8A2-A5FBE26EC657}
	EndGlobalSection
EndGlobal
